{
  "nodes": {
    "nixpkgs": {
      "locked": {
        "lastModified": 1778036283,
        "narHash": "sha256-GW2cEd/cLcVbbCes8iQuoY2qGIeCA7UiaD351hpkXfI=",
        "rev": "ed67bc86e84e51d4a88e73c7fd36006dc876476f",
        "type": "tarball",
        "url": "https://releases.nixos.org/nixpkgs/nixpkgs-26.05pre993032.ed67bc86e84e/nixexprs.tar.xz"
      },
      "original": {
        "type": "tarball",
        "url": "https://channels.nixos.org/nixpkgs-unstable/nixexprs.tar.xz"
      }
    },
    "root": {
      "inputs": {
        "nixpkgs": "nixpkgs",
        "zon2nix": "zon2nix"
      }
    },
    "zon2nix": {
      "inputs": {
        "nixpkgs": [
          "nixpkgs"
        ]
      },
      "locked": {
        "lastModified": 1778078000,
        "narHash": "sha256-0djKIL0E8Y1W495bzIkmbCub571ubghZx3Fg7xQPNrk=",
        "owner": "jcollie",
        "repo": "zon2nix",
        "rev": "a9f46c6fe9177135a3001e26ec76715bb998c6cf",
        "type": "github"
      },
      "original": {
        "owner": "jcollie",
        "repo": "zon2nix",
        "type": "github"
      }
    }
  },
  "root": "root",
  "version": 7
}
